// !$*UTF8*$!
{
	archiveVersion = 1;
	classes = {
	};
	objectVersion = 46;
	objects = {

/* Begin PBXBuildFile section */
		1013F98A087F54B3B534D91F /* Pods_TravelExpense.framework in Frameworks */ = {isa = PBXBuildFile; fileRef = A1EAC2AFE0AF29A547DC8355 /* Pods_TravelExpense.framework */; };
		3131DD441F6AE087002A0FEA /* EmptyPageListView.xib in Resources */ = {isa = PBXBuildFile; fileRef = 3131DD431F6AE087002A0FEA /* EmptyPageListView.xib */; };
		3146D4ED1F69B35B00CDC2FD /* PageDetailViewController.swift in Sources */ = {isa = PBXBuildFile; fileRef = 3146D4EC1F69B35A00CDC2FD /* PageDetailViewController.swift */; };
		3146D4EF1F69B9CA00CDC2FD /* PageListViewController.swift in Sources */ = {isa = PBXBuildFile; fileRef = 3146D4EE1F69B9CA00CDC2FD /* PageListViewController.swift */; };
		314C2A721F6AF39500320C3A /* EmptyPageListView.swift in Sources */ = {isa = PBXBuildFile; fileRef = 314C2A711F6AF39500320C3A /* EmptyPageListView.swift */; };
		314C2A741F6B11A400320C3A /* settingsViewController.swift in Sources */ = {isa = PBXBuildFile; fileRef = 314C2A731F6B11A400320C3A /* settingsViewController.swift */; };
		3153275D1F2E178F00435439 /* EZLoadingActivity.swift in Sources */ = {isa = PBXBuildFile; fileRef = 3153275C1F2E178F00435439 /* EZLoadingActivity.swift */; };
		318C1F191F6BF89B00F53320 /* HomeCurrencyController.swift in Sources */ = {isa = PBXBuildFile; fileRef = 318C1F181F6BF89B00F53320 /* HomeCurrencyController.swift */; };
		318C1F1C1F6C3F8C00F53320 /* customPageDetailCell.swift in Sources */ = {isa = PBXBuildFile; fileRef = 318C1F1A1F6C3F8C00F53320 /* customPageDetailCell.swift */; };
		318C1F1D1F6C3F8C00F53320 /* customPageDetailCell.xib in Resources */ = {isa = PBXBuildFile; fileRef = 318C1F1B1F6C3F8C00F53320 /* customPageDetailCell.xib */; };
		318C1F1F1F6D457C00F53320 /* CreateNewEntry.swift in Sources */ = {isa = PBXBuildFile; fileRef = 318C1F1E1F6D457C00F53320 /* CreateNewEntry.swift */; };
		31970D821F460B3C00D224F9 /* customPageCell.swift in Sources */ = {isa = PBXBuildFile; fileRef = 31970D801F460B3C00D224F9 /* customPageCell.swift */; };
		31970D831F460B3C00D224F9 /* customPageCell.xib in Resources */ = {isa = PBXBuildFile; fileRef = 31970D811F460B3C00D224F9 /* customPageCell.xib */; };
		31970D8B1F51FC2100D224F9 /* CreateNewPage.swift in Sources */ = {isa = PBXBuildFile; fileRef = 31970D8A1F51FC2100D224F9 /* CreateNewPage.swift */; };
		31970D8E1F56F92C00D224F9 /* Model.xcdatamodeld in Sources */ = {isa = PBXBuildFile; fileRef = 31970D8C1F56F92C00D224F9 /* Model.xcdatamodeld */; };
		31970DB11F5719DA00D224F9 /* Entry.swift in Sources */ = {isa = PBXBuildFile; fileRef = 31970DB01F5719DA00D224F9 /* Entry.swift */; };
		31970DB41F571A2F00D224F9 /* Page.swift in Sources */ = {isa = PBXBuildFile; fileRef = 31970DB31F571A2F00D224F9 /* Page.swift */; };
		31AA3ACF1F2FC4CB00908B13 /* GoogleService-Info.plist in Resources */ = {isa = PBXBuildFile; fileRef = 31AA3ACE1F2FC4CB00908B13 /* GoogleService-Info.plist */; };
		31DC2CCC1F30AC740026E90A /* RoundButton.swift in Sources */ = {isa = PBXBuildFile; fileRef = 31DC2CCB1F30AC740026E90A /* RoundButton.swift */; };
		31DD852E1F2D269000C99B50 /* AppDelegate.swift in Sources */ = {isa = PBXBuildFile; fileRef = 31DD852D1F2D269000C99B50 /* AppDelegate.swift */; };
		31DD85321F2D269000C99B50 /* ConverterViewController.swift in Sources */ = {isa = PBXBuildFile; fileRef = 31DD85311F2D269000C99B50 /* ConverterViewController.swift */; };
		31DD85351F2D269000C99B50 /* Main.storyboard in Resources */ = {isa = PBXBuildFile; fileRef = 31DD85331F2D269000C99B50 /* Main.storyboard */; };
		31DD85371F2D269000C99B50 /* Assets.xcassets in Resources */ = {isa = PBXBuildFile; fileRef = 31DD85361F2D269000C99B50 /* Assets.xcassets */; };
		31DD853A1F2D269000C99B50 /* LaunchScreen.storyboard in Resources */ = {isa = PBXBuildFile; fileRef = 31DD85381F2D269000C99B50 /* LaunchScreen.storyboard */; };
		31F4D59B1F2F40560015EBFE /* gradientView.swift in Sources */ = {isa = PBXBuildFile; fileRef = 31F4D59A1F2F40560015EBFE /* gradientView.swift */; };
		31F4D59F1F2F58EF0015EBFE /* triangleView.swift in Sources */ = {isa = PBXBuildFile; fileRef = 31F4D59E1F2F58EF0015EBFE /* triangleView.swift */; };
/* End PBXBuildFile section */

/* Begin PBXFileReference section */
		05709CD0220DE66D26B843BF /* Pods-TravelExpense.release.xcconfig */ = {isa = PBXFileReference; includeInIndex = 1; lastKnownFileType = text.xcconfig; name = "Pods-TravelExpense.release.xcconfig"; path = "Pods/Target Support Files/Pods-TravelExpense/Pods-TravelExpense.release.xcconfig"; sourceTree = "<group>"; };
		10A0DEDAF7F097A00051AE01 /* Pods-TravelExpense.debug.xcconfig */ = {isa = PBXFileReference; includeInIndex = 1; lastKnownFileType = text.xcconfig; name = "Pods-TravelExpense.debug.xcconfig"; path = "Pods/Target Support Files/Pods-TravelExpense/Pods-TravelExpense.debug.xcconfig"; sourceTree = "<group>"; };
		3131DD431F6AE087002A0FEA /* EmptyPageListView.xib */ = {isa = PBXFileReference; fileEncoding = 4; lastKnownFileType = file.xib; name = EmptyPageListView.xib; path = ../EmptyPageListView.xib; sourceTree = "<group>"; };
		3146D4EC1F69B35A00CDC2FD /* PageDetailViewController.swift */ = {isa = PBXFileReference; fileEncoding = 4; lastKnownFileType = sourcecode.swift; path = PageDetailViewController.swift; sourceTree = "<group>"; };
		3146D4EE1F69B9CA00CDC2FD /* PageListViewController.swift */ = {isa = PBXFileReference; fileEncoding = 4; lastKnownFileType = sourcecode.swift; path = PageListViewController.swift; sourceTree = "<group>"; };
		314C2A711F6AF39500320C3A /* EmptyPageListView.swift */ = {isa = PBXFileReference; fileEncoding = 4; lastKnownFileType = sourcecode.swift; path = EmptyPageListView.swift; sourceTree = "<group>"; };
		314C2A731F6B11A400320C3A /* settingsViewController.swift */ = {isa = PBXFileReference; fileEncoding = 4; lastKnownFileType = sourcecode.swift; path = settingsViewController.swift; sourceTree = "<group>"; };
		3153275C1F2E178F00435439 /* EZLoadingActivity.swift */ = {isa = PBXFileReference; fileEncoding = 4; lastKnownFileType = sourcecode.swift; path = EZLoadingActivity.swift; sourceTree = "<group>"; };
		318C1F181F6BF89B00F53320 /* HomeCurrencyController.swift */ = {isa = PBXFileReference; fileEncoding = 4; lastKnownFileType = sourcecode.swift; path = HomeCurrencyController.swift; sourceTree = "<group>"; };
		318C1F1A1F6C3F8C00F53320 /* customPageDetailCell.swift */ = {isa = PBXFileReference; fileEncoding = 4; lastKnownFileType = sourcecode.swift; path = customPageDetailCell.swift; sourceTree = "<group>"; };
		318C1F1B1F6C3F8C00F53320 /* customPageDetailCell.xib */ = {isa = PBXFileReference; fileEncoding = 4; lastKnownFileType = file.xib; path = customPageDetailCell.xib; sourceTree = "<group>"; };
		318C1F1E1F6D457C00F53320 /* CreateNewEntry.swift */ = {isa = PBXFileReference; fileEncoding = 4; lastKnownFileType = sourcecode.swift; path = CreateNewEntry.swift; sourceTree = "<group>"; };
		31970D801F460B3C00D224F9 /* customPageCell.swift */ = {isa = PBXFileReference; fileEncoding = 4; lastKnownFileType = sourcecode.swift; path = customPageCell.swift; sourceTree = "<group>"; };
		31970D811F460B3C00D224F9 /* customPageCell.xib */ = {isa = PBXFileReference; fileEncoding = 4; lastKnownFileType = file.xib; path = customPageCell.xib; sourceTree = "<group>"; };
		31970D8A1F51FC2100D224F9 /* CreateNewPage.swift */ = {isa = PBXFileReference; fileEncoding = 4; lastKnownFileType = sourcecode.swift; path = CreateNewPage.swift; sourceTree = "<group>"; };
		31970D8D1F56F92C00D224F9 /* Model.xcdatamodel */ = {isa = PBXFileReference; lastKnownFileType = wrapper.xcdatamodel; path = Model.xcdatamodel; sourceTree = "<group>"; };
		31970DB01F5719DA00D224F9 /* Entry.swift */ = {isa = PBXFileReference; fileEncoding = 4; lastKnownFileType = sourcecode.swift; path = Entry.swift; sourceTree = "<group>"; };
		31970DB31F571A2F00D224F9 /* Page.swift */ = {isa = PBXFileReference; fileEncoding = 4; lastKnownFileType = sourcecode.swift; path = Page.swift; sourceTree = "<group>"; };
		31AA3ACE1F2FC4CB00908B13 /* GoogleService-Info.plist */ = {isa = PBXFileReference; fileEncoding = 4; lastKnownFileType = text.plist.xml; path = "GoogleService-Info.plist"; sourceTree = "<group>"; };
		31DC2CCB1F30AC740026E90A /* RoundButton.swift */ = {isa = PBXFileReference; fileEncoding = 4; lastKnownFileType = sourcecode.swift; path = RoundButton.swift; sourceTree = "<group>"; };
		31DD852A1F2D269000C99B50 /* TravelExpense.app */ = {isa = PBXFileReference; explicitFileType = wrapper.application; includeInIndex = 0; path = TravelExpense.app; sourceTree = BUILT_PRODUCTS_DIR; };
		31DD852D1F2D269000C99B50 /* AppDelegate.swift */ = {isa = PBXFileReference; lastKnownFileType = sourcecode.swift; path = AppDelegate.swift; sourceTree = "<group>"; };
		31DD85311F2D269000C99B50 /* ConverterViewController.swift */ = {isa = PBXFileReference; lastKnownFileType = sourcecode.swift; path = ConverterViewController.swift; sourceTree = "<group>"; };
		31DD85341F2D269000C99B50 /* Base */ = {isa = PBXFileReference; lastKnownFileType = file.storyboard; name = Base; path = Base.lproj/Main.storyboard; sourceTree = "<group>"; };
		31DD85361F2D269000C99B50 /* Assets.xcassets */ = {isa = PBXFileReference; lastKnownFileType = folder.assetcatalog; path = Assets.xcassets; sourceTree = "<group>"; };
		31DD85391F2D269000C99B50 /* Base */ = {isa = PBXFileReference; lastKnownFileType = file.storyboard; name = Base; path = Base.lproj/LaunchScreen.storyboard; sourceTree = "<group>"; };
		31DD853B1F2D269000C99B50 /* Info.plist */ = {isa = PBXFileReference; lastKnownFileType = text.plist.xml; path = Info.plist; sourceTree = "<group>"; };
		31F4D59A1F2F40560015EBFE /* gradientView.swift */ = {isa = PBXFileReference; fileEncoding = 4; lastKnownFileType = sourcecode.swift; path = gradientView.swift; sourceTree = "<group>"; };
		31F4D59E1F2F58EF0015EBFE /* triangleView.swift */ = {isa = PBXFileReference; fileEncoding = 4; lastKnownFileType = sourcecode.swift; path = triangleView.swift; sourceTree = "<group>"; };
		A1EAC2AFE0AF29A547DC8355 /* Pods_TravelExpense.framework */ = {isa = PBXFileReference; explicitFileType = wrapper.framework; includeInIndex = 0; path = Pods_TravelExpense.framework; sourceTree = BUILT_PRODUCTS_DIR; };
/* End PBXFileReference section */

/* Begin PBXFrameworksBuildPhase section */
		31DD85271F2D269000C99B50 /* Frameworks */ = {
			isa = PBXFrameworksBuildPhase;
			buildActionMask = 2147483647;
			files = (
				1013F98A087F54B3B534D91F /* Pods_TravelExpense.framework in Frameworks */,
			);
			runOnlyForDeploymentPostprocessing = 0;
		};
/* End PBXFrameworksBuildPhase section */

/* Begin PBXGroup section */
		3131DD451F6AE0C8002A0FEA /* CustomXib */ = {
			isa = PBXGroup;
			children = (
				3131DD431F6AE087002A0FEA /* EmptyPageListView.xib */,
				31970D811F460B3C00D224F9 /* customPageCell.xib */,
				318C1F1B1F6C3F8C00F53320 /* customPageDetailCell.xib */,
			);
			name = CustomXib;
			sourceTree = "<group>";
		};
		31970D851F460BF600D224F9 /* CustomClasses */ = {
			isa = PBXGroup;
			children = (
				314C2A711F6AF39500320C3A /* EmptyPageListView.swift */,
				31970D801F460B3C00D224F9 /* customPageCell.swift */,
				318C1F1A1F6C3F8C00F53320 /* customPageDetailCell.swift */,
				3153275C1F2E178F00435439 /* EZLoadingActivity.swift */,
				31F4D59E1F2F58EF0015EBFE /* triangleView.swift */,
				31F4D59A1F2F40560015EBFE /* gradientView.swift */,
				31DC2CCB1F30AC740026E90A /* RoundButton.swift */,
			);
			name = CustomClasses;
			sourceTree = "<group>";
		};
		31970DB21F571A0900D224F9 /* View Controllers */ = {
			isa = PBXGroup;
			children = (
				3146D4EE1F69B9CA00CDC2FD /* PageListViewController.swift */,
				31970D8A1F51FC2100D224F9 /* CreateNewPage.swift */,
				3146D4EC1F69B35A00CDC2FD /* PageDetailViewController.swift */,
				318C1F1E1F6D457C00F53320 /* CreateNewEntry.swift */,
				31DD85311F2D269000C99B50 /* ConverterViewController.swift */,
				314C2A731F6B11A400320C3A /* settingsViewController.swift */,
				318C1F181F6BF89B00F53320 /* HomeCurrencyController.swift */,
			);
			name = "View Controllers";
			sourceTree = "<group>";
		};
		31970DB51F571A6F00D224F9 /* Data Model */ = {
			isa = PBXGroup;
			children = (
				31970DB01F5719DA00D224F9 /* Entry.swift */,
				31970DB31F571A2F00D224F9 /* Page.swift */,
				31970D8C1F56F92C00D224F9 /* Model.xcdatamodeld */,
			);
			name = "Data Model";
			sourceTree = "<group>";
		};
		31DD85211F2D269000C99B50 = {
			isa = PBXGroup;
			children = (
				31DD852C1F2D269000C99B50 /* TravelExpense */,
				31DD852B1F2D269000C99B50 /* Products */,
				C2DFCFAABC2B44580273B164 /* Pods */,
				7488016642F4AA1B48CDF5F8 /* Frameworks */,
			);
			sourceTree = "<group>";
		};
		31DD852B1F2D269000C99B50 /* Products */ = {
			isa = PBXGroup;
			children = (
				31DD852A1F2D269000C99B50 /* TravelExpense.app */,
			);
			name = Products;
			sourceTree = "<group>";
		};
		31DD852C1F2D269000C99B50 /* TravelExpense */ = {
			isa = PBXGroup;
			children = (
				31970DB21F571A0900D224F9 /* View Controllers */,
				3131DD451F6AE0C8002A0FEA /* CustomXib */,
				31970D851F460BF600D224F9 /* CustomClasses */,
				31970DB51F571A6F00D224F9 /* Data Model */,
				31DD852D1F2D269000C99B50 /* AppDelegate.swift */,
				31DD85331F2D269000C99B50 /* Main.storyboard */,
				31DD85361F2D269000C99B50 /* Assets.xcassets */,
				31DD85381F2D269000C99B50 /* LaunchScreen.storyboard */,
				31DD853B1F2D269000C99B50 /* Info.plist */,
				31AA3ACE1F2FC4CB00908B13 /* GoogleService-Info.plist */,
			);
			path = TravelExpense;
			sourceTree = "<group>";
		};
		7488016642F4AA1B48CDF5F8 /* Frameworks */ = {
			isa = PBXGroup;
			children = (
				A1EAC2AFE0AF29A547DC8355 /* Pods_TravelExpense.framework */,
			);
			name = Frameworks;
			sourceTree = "<group>";
		};
		C2DFCFAABC2B44580273B164 /* Pods */ = {
			isa = PBXGroup;
			children = (
				10A0DEDAF7F097A00051AE01 /* Pods-TravelExpense.debug.xcconfig */,
				05709CD0220DE66D26B843BF /* Pods-TravelExpense.release.xcconfig */,
			);
			name = Pods;
			sourceTree = "<group>";
		};
/* End PBXGroup section */

/* Begin PBXNativeTarget section */
		31DD85291F2D269000C99B50 /* TravelExpense */ = {
			isa = PBXNativeTarget;
			buildConfigurationList = 31DD853E1F2D269000C99B50 /* Build configuration list for PBXNativeTarget "TravelExpense" */;
			buildPhases = (
				D7D20A123097D0BFD2760B82 /* [CP] Check Pods Manifest.lock */,
				31DD85261F2D269000C99B50 /* Sources */,
				31DD85271F2D269000C99B50 /* Frameworks */,
				31DD85281F2D269000C99B50 /* Resources */,
				B9F865D871A254ECFEEF31C4 /* [CP] Embed Pods Frameworks */,
				44418C5168739A79A6C8071F /* [CP] Copy Pods Resources */,
			);
			buildRules = (
			);
			dependencies = (
			);
			name = TravelExpense;
			productName = TravelExpense;
			productReference = 31DD852A1F2D269000C99B50 /* TravelExpense.app */;
			productType = "com.apple.product-type.application";
		};
/* End PBXNativeTarget section */

/* Begin PBXProject section */
		31DD85221F2D269000C99B50 /* Project object */ = {
			isa = PBXProject;
			attributes = {
				LastSwiftUpdateCheck = 0830;
				LastUpgradeCheck = 0830;
				ORGANIZATIONNAME = "Thomas Nugent";
				TargetAttributes = {
					31DD85291F2D269000C99B50 = {
						CreatedOnToolsVersion = 8.3.2;
						DevelopmentTeam = Z7KCTYFSPR;
						ProvisioningStyle = Automatic;
					};
				};
			};
			buildConfigurationList = 31DD85251F2D269000C99B50 /* Build configuration list for PBXProject "TravelExpense" */;
			compatibilityVersion = "Xcode 3.2";
			developmentRegion = English;
			hasScannedForEncodings = 0;
			knownRegions = (
				en,
				Base,
			);
			mainGroup = 31DD85211F2D269000C99B50;
			productRefGroup = 31DD852B1F2D269000C99B50 /* Products */;
			projectDirPath = "";
			projectRoot = "";
			targets = (
				31DD85291F2D269000C99B50 /* TravelExpense */,
			);
		};
/* End PBXProject section */

/* Begin PBXResourcesBuildPhase section */
		31DD85281F2D269000C99B50 /* Resources */ = {
			isa = PBXResourcesBuildPhase;
			buildActionMask = 2147483647;
			files = (
				31970D831F460B3C00D224F9 /* customPageCell.xib in Resources */,
				3131DD441F6AE087002A0FEA /* EmptyPageListView.xib in Resources */,
				31DD853A1F2D269000C99B50 /* LaunchScreen.storyboard in Resources */,
				31AA3ACF1F2FC4CB00908B13 /* GoogleService-Info.plist in Resources */,
				31DD85371F2D269000C99B50 /* Assets.xcassets in Resources */,
				31DD85351F2D269000C99B50 /* Main.storyboard in Resources */,
				318C1F1D1F6C3F8C00F53320 /* customPageDetailCell.xib in Resources */,
			);
			runOnlyForDeploymentPostprocessing = 0;
		};
/* End PBXResourcesBuildPhase section */

/* Begin PBXShellScriptBuildPhase section */
		44418C5168739A79A6C8071F /* [CP] Copy Pods Resources */ = {
			isa = PBXShellScriptBuildPhase;
			buildActionMask = 2147483647;
			files = (
			);
			inputPaths = (
			);
			name = "[CP] Copy Pods Resources";
			outputPaths = (
			);
			runOnlyForDeploymentPostprocessing = 0;
			shellPath = /bin/sh;
			shellScript = "\"${SRCROOT}/Pods/Target Support Files/Pods-TravelExpense/Pods-TravelExpense-resources.sh\"\n";
			showEnvVarsInLog = 0;
		};
		B9F865D871A254ECFEEF31C4 /* [CP] Embed Pods Frameworks */ = {
			isa = PBXShellScriptBuildPhase;
			buildActionMask = 2147483647;
			files = (
			);
			inputPaths = (
			);
			name = "[CP] Embed Pods Frameworks";
			outputPaths = (
			);
			runOnlyForDeploymentPostprocessing = 0;
			shellPath = /bin/sh;
			shellScript = "\"${SRCROOT}/Pods/Target Support Files/Pods-TravelExpense/Pods-TravelExpense-frameworks.sh\"\n";
			showEnvVarsInLog = 0;
		};
		D7D20A123097D0BFD2760B82 /* [CP] Check Pods Manifest.lock */ = {
			isa = PBXShellScriptBuildPhase;
			buildActionMask = 2147483647;
			files = (
			);
			inputPaths = (
			);
			name = "[CP] Check Pods Manifest.lock";
			outputPaths = (
			);
			runOnlyForDeploymentPostprocessing = 0;
			shellPath = /bin/sh;
			shellScript = "diff \"${PODS_PODFILE_DIR_PATH}/Podfile.lock\" \"${PODS_ROOT}/Manifest.lock\" > /dev/null\nif [ $? != 0 ] ; then\n    # print error to STDERR\n    echo \"error: The sandbox is not in sync with the Podfile.lock. Run 'pod install' or update your CocoaPods installation.\" >&2\n    exit 1\nfi\n";
			showEnvVarsInLog = 0;
		};
/* End PBXShellScriptBuildPhase section */

/* Begin PBXSourcesBuildPhase section */
		31DD85261F2D269000C99B50 /* Sources */ = {
			isa = PBXSourcesBuildPhase;
			buildActionMask = 2147483647;
			files = (
				31970DB11F5719DA00D224F9 /* Entry.swift in Sources */,
				3146D4EF1F69B9CA00CDC2FD /* PageListViewController.swift in Sources */,
				3153275D1F2E178F00435439 /* EZLoadingActivity.swift in Sources */,
				31970DB41F571A2F00D224F9 /* Page.swift in Sources */,
				31DD85321F2D269000C99B50 /* ConverterViewController.swift in Sources */,
				31DC2CCC1F30AC740026E90A /* RoundButton.swift in Sources */,
				314C2A741F6B11A400320C3A /* settingsViewController.swift in Sources */,
				31F4D59F1F2F58EF0015EBFE /* triangleView.swift in Sources */,
				318C1F1C1F6C3F8C00F53320 /* customPageDetailCell.swift in Sources */,
				314C2A721F6AF39500320C3A /* EmptyPageListView.swift in Sources */,
				31F4D59B1F2F40560015EBFE /* gradientView.swift in Sources */,
				31DD852E1F2D269000C99B50 /* AppDelegate.swift in Sources */,
				31970D821F460B3C00D224F9 /* customPageCell.swift in Sources */,
				318C1F1F1F6D457C00F53320 /* CreateNewEntry.swift in Sources */,
				31970D8B1F51FC2100D224F9 /* CreateNewPage.swift in Sources */,
				3146D4ED1F69B35B00CDC2FD /* PageDetailViewController.swift in Sources */,
				31970D8E1F56F92C00D224F9 /* Model.xcdatamodeld in Sources */,
				318C1F191F6BF89B00F53320 /* HomeCurrencyController.swift in Sources */,
			);
			runOnlyForDeploymentPostprocessing = 0;
		};
/* End PBXSourcesBuildPhase section */

/* Begin PBXVariantGroup section */
		31DD85331F2D269000C99B50 /* Main.storyboard */ = {
			isa = PBXVariantGroup;
			children = (
				31DD85341F2D269000C99B50 /* Base */,
			);
			name = Main.storyboard;
			sourceTree = "<group>";
		};
		31DD85381F2D269000C99B50 /* LaunchScreen.storyboard */ = {
			isa = PBXVariantGroup;
			children = (
				31DD85391F2D269000C99B50 /* Base */,
			);
			name = LaunchScreen.storyboard;
			sourceTree = "<group>";
		};
/* End PBXVariantGroup section */

/* Begin XCBuildConfiguration section */
		31DD853C1F2D269000C99B50 /* Debug */ = {
			isa = XCBuildConfiguration;
			buildSettings = {
				ALWAYS_SEARCH_USER_PATHS = NO;
				CLANG_ANALYZER_NONNULL = YES;
				CLANG_ANALYZER_NUMBER_OBJECT_CONVERSION = YES_AGGRESSIVE;
				CLANG_CXX_LANGUAGE_STANDARD = "gnu++0x";
				CLANG_CXX_LIBRARY = "libc++";
				CLANG_ENABLE_MODULES = YES;
				CLANG_ENABLE_OBJC_ARC = YES;
				CLANG_WARN_BOOL_CONVERSION = YES;
				CLANG_WARN_CONSTANT_CONVERSION = YES;
				CLANG_WARN_DIRECT_OBJC_ISA_USAGE = YES_ERROR;
				CLANG_WARN_DOCUMENTATION_COMMENTS = YES;
				CLANG_WARN_EMPTY_BODY = YES;
				CLANG_WARN_ENUM_CONVERSION = YES;
				CLANG_WARN_INFINITE_RECURSION = YES;
				CLANG_WARN_INT_CONVERSION = YES;
				CLANG_WARN_OBJC_ROOT_CLASS = YES_ERROR;
				CLANG_WARN_SUSPICIOUS_MOVE = YES;
				CLANG_WARN_UNREACHABLE_CODE = YES;
				CLANG_WARN__DUPLICATE_METHOD_MATCH = YES;
				"CODE_SIGN_IDENTITY[sdk=iphoneos*]" = "iPhone Developer";
				COPY_PHASE_STRIP = NO;
				DEBUG_INFORMATION_FORMAT = dwarf;
				ENABLE_STRICT_OBJC_MSGSEND = YES;
				ENABLE_TESTABILITY = YES;
				GCC_C_LANGUAGE_STANDARD = gnu99;
				GCC_DYNAMIC_NO_PIC = NO;
				GCC_NO_COMMON_BLOCKS = YES;
				GCC_OPTIMIZATION_LEVEL = 0;
				GCC_PREPROCESSOR_DEFINITIONS = (
					"DEBUG=1",
					"$(inherited)",
				);
				GCC_WARN_64_TO_32_BIT_CONVERSION = YES;
				GCC_WARN_ABOUT_RETURN_TYPE = YES_ERROR;
				GCC_WARN_UNDECLARED_SELECTOR = YES;
				GCC_WARN_UNINITIALIZED_AUTOS = YES_AGGRESSIVE;
				GCC_WARN_UNUSED_FUNCTION = YES;
				GCC_WARN_UNUSED_VARIABLE = YES;
				IPHONEOS_DEPLOYMENT_TARGET = 10.3;
				MTL_ENABLE_DEBUG_INFO = YES;
				ONLY_ACTIVE_ARCH = YES;
				SDKROOT = iphoneos;
				SWIFT_ACTIVE_COMPILATION_CONDITIONS = DEBUG;
				SWIFT_OPTIMIZATION_LEVEL = "-Onone";
				TARGETED_DEVICE_FAMILY = "1,2";
			};
			name = Debug;
		};
		31DD853D1F2D269000C99B50 /* Release */ = {
			isa = XCBuildConfiguration;
			buildSettings = {
				ALWAYS_SEARCH_USER_PATHS = NO;
				CLANG_ANALYZER_NONNULL = YES;
				CLANG_ANALYZER_NUMBER_OBJECT_CONVERSION = YES_AGGRESSIVE;
				CLANG_CXX_LANGUAGE_STANDARD = "gnu++0x";
				CLANG_CXX_LIBRARY = "libc++";
				CLANG_ENABLE_MODULES = YES;
				CLANG_ENABLE_OBJC_ARC = YES;
				CLANG_WARN_BOOL_CONVERSION = YES;
				CLANG_WARN_CONSTANT_CONVERSION = YES;
				CLANG_WARN_DIRECT_OBJC_ISA_USAGE = YES_ERROR;
				CLANG_WARN_DOCUMENTATION_COMMENTS = YES;
				CLANG_WARN_EMPTY_BODY = YES;
				CLANG_WARN_ENUM_CONVERSION = YES;
				CLANG_WARN_INFINITE_RECURSION = YES;
				CLANG_WARN_INT_CONVERSION = YES;
				CLANG_WARN_OBJC_ROOT_CLASS = YES_ERROR;
				CLANG_WARN_SUSPICIOUS_MOVE = YES;
				CLANG_WARN_UNREACHABLE_CODE = YES;
				CLANG_WARN__DUPLICATE_METHOD_MATCH = YES;
				"CODE_SIGN_IDENTITY[sdk=iphoneos*]" = "iPhone Developer";
				COPY_PHASE_STRIP = NO;
				DEBUG_INFORMATION_FORMAT = "dwarf-with-dsym";
				ENABLE_NS_ASSERTIONS = NO;
				ENABLE_STRICT_OBJC_MSGSEND = YES;
				GCC_C_LANGUAGE_STANDARD = gnu99;
				GCC_NO_COMMON_BLOCKS = YES;
				GCC_WARN_64_TO_32_BIT_CONVERSION = YES;
				GCC_WARN_ABOUT_RETURN_TYPE = YES_ERROR;
				GCC_WARN_UNDECLARED_SELECTOR = YES;
				GCC_WARN_UNINITIALIZED_AUTOS = YES_AGGRESSIVE;
				GCC_WARN_UNUSED_FUNCTION = YES;
				GCC_WARN_UNUSED_VARIABLE = YES;
				IPHONEOS_DEPLOYMENT_TARGET = 10.3;
				MTL_ENABLE_DEBUG_INFO = NO;
				SDKROOT = iphoneos;
				SWIFT_OPTIMIZATION_LEVEL = "-Owholemodule";
				TARGETED_DEVICE_FAMILY = "1,2";
				VALIDATE_PRODUCT = YES;
			};
			name = Release;
		};
		31DD853F1F2D269000C99B50 /* Debug */ = {
			isa = XCBuildConfiguration;
			baseConfigurationReference = 10A0DEDAF7F097A00051AE01 /* Pods-TravelExpense.debug.xcconfig */;
			buildSettings = {
				ASSETCATALOG_COMPILER_APPICON_NAME = AppIcon;
				DEVELOPMENT_TEAM = Z7KCTYFSPR;
				INFOPLIST_FILE = TravelExpense/Info.plist;
				LD_RUNPATH_SEARCH_PATHS = "$(inherited) @executable_path/Frameworks";
				PRODUCT_BUNDLE_IDENTIFIER = com.thomasnugent.TravelExpense;
				PRODUCT_NAME = "$(TARGET_NAME)";
				SWIFT_VERSION = 3.0;
			};
			name = Debug;
		};
		31DD85401F2D269000C99B50 /* Release */ = {
			isa = XCBuildConfiguration;
			baseConfigurationReference = 05709CD0220DE66D26B843BF /* Pods-TravelExpense.release.xcconfig */;
			buildSettings = {
				ASSETCATALOG_COMPILER_APPICON_NAME = AppIcon;
				DEVELOPMENT_TEAM = Z7KCTYFSPR;
				INFOPLIST_FILE = TravelExpense/Info.plist;
				LD_RUNPATH_SEARCH_PATHS = "$(inherited) @executable_path/Frameworks";
				PRODUCT_BUNDLE_IDENTIFIER = com.thomasnugent.TravelExpense;
				PRODUCT_NAME = "$(TARGET_NAME)";
				SWIFT_VERSION = 3.0;
			};
			name = Release;
		};
/* End XCBuildConfiguration section */

/* Begin XCConfigurationList section */
		31DD85251F2D269000C99B50 /* Build configuration list for PBXProject "TravelExpense" */ = {
			isa = XCConfigurationList;
			buildConfigurations = (
				31DD853C1F2D269000C99B50 /* Debug */,
				31DD853D1F2D269000C99B50 /* Release */,
			);
			defaultConfigurationIsVisible = 0;
			defaultConfigurationName = Release;
		};
		31DD853E1F2D269000C99B50 /* Build configuration list for PBXNativeTarget "TravelExpense" */ = {
			isa = XCConfigurationList;
			buildConfigurations = (
				31DD853F1F2D269000C99B50 /* Debug */,
				31DD85401F2D269000C99B50 /* Release */,
			);
			defaultConfigurationIsVisible = 0;
			defaultConfigurationName = Release;
		};
/* End XCConfigurationList section */

/* Begin XCVersionGroup section */
		31970D8C1F56F92C00D224F9 /* Model.xcdatamodeld */ = {
			isa = XCVersionGroup;
			children = (
				31970D8D1F56F92C00D224F9 /* Model.xcdatamodel */,
			);
			currentVersion = 31970D8D1F56F92C00D224F9 /* Model.xcdatamodel */;
			path = Model.xcdatamodeld;
			sourceTree = "<group>";
			versionGroupType = wrapper.xcdatamodel;
		};
/* End XCVersionGroup section */
	};
	rootObject = 31DD85221F2D269000C99B50 /* Project object */;
}
